
Microsoft Visual Studio Solution File, Format Version 12.00
# Visual Studio Version 16
VisualStudioVersion = 16.0.31729.503
MinimumVisualStudioVersion = 10.0.40219.1
Project("{FAE04EC0-301F-11D3-BF4B-00C04F79EFBC}") = "DemoProjectForTesting", "DemoProjectForTesting.csproj", "{9C15BA7E-BF39-47F4-8444-0349CCF333C2}"
EndProject
Project("{FAE04EC0-301F-11D3-BF4B-00C04F79EFBC}") = "MyNewclass", "..\MyNewclass\MyNewclass.csproj", "{1202B91C-0335-42BE-9F7F-92599C74D966}"
EndProject
Global
	GlobalSection(SolutionConfigurationPlatforms) = preSolution
		Debug|Any CPU = Debug|Any CPU
		Release|Any CPU = Release|Any CPU
	EndGlobalSection
	GlobalSection(ProjectConfigurationPlatforms) = postSolution
		{9C15BA7E-BF39-47F4-8444-0349CCF333C2}.Debug|Any CPU.ActiveCfg = Debug|Any CPU
		{9C15BA7E-BF39-47F4-8444-0349CCF333C2}.Debug|Any CPU.Build.0 = Debug|Any CPU
		{9C15BA7E-BF39-47F4-8444-0349CCF333C2}.Release|Any CPU.ActiveCfg = Release|Any CPU
		{9C15BA7E-BF39-47F4-8444-0349CCF333C2}.Release|Any CPU.Build.0 = Release|Any CPU
		{1202B91C-0335-42BE-9F7F-92599C74D966}.Debug|Any CPU.ActiveCfg = Debug|Any CPU
		{1202B91C-0335-42BE-9F7F-92599C74D966}.Debug|Any CPU.Build.0 = Debug|Any CPU
		{1202B91C-0335-42BE-9F7F-92599C74D966}.Release|Any CPU.ActiveCfg = Release|Any CPU
		{1202B91C-0335-42BE-9F7F-92599C74D966}.Release|Any CPU.Build.0 = Release|Any CPU
	EndGlobalSection
	GlobalSection(SolutionProperties) = preSolution
		HideSolutionNode = FALSE
	EndGlobalSection
	GlobalSection(ExtensibilityGlobals) = postSolution
		SolutionGuid = {52C57B28-C6E8-491C-8693-2F12F353D4EE}
	EndGlobalSection
EndGlobal
